// !$*UTF8*$!
{
	archiveVersion = 1;
	classes = {
	};
	objectVersion = 46;
	objects = {

/* Begin PBXBuildFile section */
		0D7FEB841EFA1A1100AF3413 /* AppDelegate.m in Sources */ = {isa = PBXBuildFile; fileRef = 0D7FEB7A1EFA1A1100AF3413 /* AppDelegate.m */; };
		0D7FEB851EFA1A1100AF3413 /* Assets.xcassets in Resources */ = {isa = PBXBuildFile; fileRef = 0D7FEB7B1EFA1A1100AF3413 /* Assets.xcassets */; };
		0D7FEB861EFA1A1100AF3413 /* LaunchScreen.storyboard in Resources */ = {isa = PBXBuildFile; fileRef = 0D7FEB7C1EFA1A1100AF3413 /* LaunchScreen.storyboard */; };
		0D7FEB871EFA1A1100AF3413 /* Main.storyboard in Resources */ = {isa = PBXBuildFile; fileRef = 0D7FEB7E1EFA1A1100AF3413 /* Main.storyboard */; };
		0D7FEB881EFA1A1100AF3413 /* Info.plist in Resources */ = {isa = PBXBuildFile; fileRef = 0D7FEB801EFA1A1100AF3413 /* Info.plist */; };
		0D7FEB891EFA1A1100AF3413 /* main.m in Sources */ = {isa = PBXBuildFile; fileRef = 0D7FEB811EFA1A1100AF3413 /* main.m */; };
		0D7FEB8A1EFA1A1100AF3413 /* ViewController.m in Sources */ = {isa = PBXBuildFile; fileRef = 0D7FEB831EFA1A1100AF3413 /* ViewController.m */; };
		F86145D9CE26A60D677651EE /* libPods-PSNetWork.a in Frameworks */ = {isa = PBXBuildFile; fileRef = D43CFEFCF07C56047BB184F6 /* libPods-PSNetWork.a */; };
/* End PBXBuildFile section */

/* Begin PBXFileReference section */
		0D7FEB5E1EFA19B300AF3413 /* PSNetWork.app */ = {isa = PBXFileReference; explicitFileType = wrapper.application; includeInIndex = 0; path = PSNetWork.app; sourceTree = BUILT_PRODUCTS_DIR; };
		0D7FEB791EFA1A1100AF3413 /* AppDelegate.h */ = {isa = PBXFileReference; fileEncoding = 4; lastKnownFileType = sourcecode.c.h; path = AppDelegate.h; sourceTree = "<group>"; };
		0D7FEB7A1EFA1A1100AF3413 /* AppDelegate.m */ = {isa = PBXFileReference; fileEncoding = 4; lastKnownFileType = sourcecode.c.objc; path = AppDelegate.m; sourceTree = "<group>"; };
		0D7FEB7B1EFA1A1100AF3413 /* Assets.xcassets */ = {isa = PBXFileReference; lastKnownFileType = folder.assetcatalog; path = Assets.xcassets; sourceTree = "<group>"; };
		0D7FEB7D1EFA1A1100AF3413 /* Base */ = {isa = PBXFileReference; lastKnownFileType = file.storyboard; name = Base; path = Base.lproj/LaunchScreen.storyboard; sourceTree = "<group>"; };
		0D7FEB7F1EFA1A1100AF3413 /* Base */ = {isa = PBXFileReference; lastKnownFileType = file.storyboard; name = Base; path = Base.lproj/Main.storyboard; sourceTree = "<group>"; };
		0D7FEB801EFA1A1100AF3413 /* Info.plist */ = {isa = PBXFileReference; fileEncoding = 4; lastKnownFileType = text.plist.xml; path = Info.plist; sourceTree = "<group>"; };
		0D7FEB811EFA1A1100AF3413 /* main.m */ = {isa = PBXFileReference; fileEncoding = 4; lastKnownFileType = sourcecode.c.objc; path = main.m; sourceTree = "<group>"; };
		0D7FEB821EFA1A1100AF3413 /* ViewController.h */ = {isa = PBXFileReference; fileEncoding = 4; lastKnownFileType = sourcecode.c.h; path = ViewController.h; sourceTree = "<group>"; };
		0D7FEB831EFA1A1100AF3413 /* ViewController.m */ = {isa = PBXFileReference; fileEncoding = 4; lastKnownFileType = sourcecode.c.objc; path = ViewController.m; sourceTree = "<group>"; };
		0D7FEB8C1EFA20D800AF3413 /* PSNetWork.h */ = {isa = PBXFileReference; lastKnownFileType = sourcecode.c.h; path = PSNetWork.h; sourceTree = "<group>"; };
		0D7FEB8D1EFA20D800AF3413 /* PSNetWork.m */ = {isa = PBXFileReference; lastKnownFileType = sourcecode.c.objc; path = PSNetWork.m; sourceTree = "<group>"; };
		0DB7C88D1F5A7EC600DC8CFC /* PSNetConfig.h */ = {isa = PBXFileReference; fileEncoding = 4; lastKnownFileType = sourcecode.c.h; path = PSNetConfig.h; sourceTree = "<group>"; };
		470EE164F534FE92C0EC15CF /* Pods-PSNetWork.release.xcconfig */ = {isa = PBXFileReference; includeInIndex = 1; lastKnownFileType = text.xcconfig; name = "Pods-PSNetWork.release.xcconfig"; path = "Pods/Target Support Files/Pods-PSNetWork/Pods-PSNetWork.release.xcconfig"; sourceTree = "<group>"; };
		D0E984A366B63D2F4F4D8B44 /* Pods-PSNetWork.debug.xcconfig */ = {isa = PBXFileReference; includeInIndex = 1; lastKnownFileType = text.xcconfig; name = "Pods-PSNetWork.debug.xcconfig"; path = "Pods/Target Support Files/Pods-PSNetWork/Pods-PSNetWork.debug.xcconfig"; sourceTree = "<group>"; };
		D43CFEFCF07C56047BB184F6 /* libPods-PSNetWork.a */ = {isa = PBXFileReference; explicitFileType = archive.ar; includeInIndex = 0; path = "libPods-PSNetWork.a"; sourceTree = BUILT_PRODUCTS_DIR; };
/* End PBXFileReference section */

/* Begin PBXFrameworksBuildPhase section */
		0D7FEB5B1EFA19B300AF3413 /* Frameworks */ = {
			isa = PBXFrameworksBuildPhase;
			buildActionMask = 2147483647;
			files = (
				F86145D9CE26A60D677651EE /* libPods-PSNetWork.a in Frameworks */,
			);
			runOnlyForDeploymentPostprocessing = 0;
		};
/* End PBXFrameworksBuildPhase section */

/* Begin PBXGroup section */
		0D7FEB551EFA19B300AF3413 = {
			isa = PBXGroup;
			children = (
				0D7FEB8B1EFA20A600AF3413 /* PSNetWork */,
				0D7FEB781EFA1A1100AF3413 /* PSNetWorkDemo */,
				0D7FEB5F1EFA19B300AF3413 /* Products */,
				6A2D69DFF34B4E7392C78C4B /* Pods */,
				FE542ACE83C8A19ECE9A2E16 /* Frameworks */,
			);
			sourceTree = "<group>";
		};
		0D7FEB5F1EFA19B300AF3413 /* Products */ = {
			isa = PBXGroup;
			children = (
				0D7FEB5E1EFA19B300AF3413 /* PSNetWork.app */,
			);
			name = Products;
			sourceTree = "<group>";
		};
		0D7FEB781EFA1A1100AF3413 /* PSNetWorkDemo */ = {
			isa = PBXGroup;
			children = (
				0D7FEB791EFA1A1100AF3413 /* AppDelegate.h */,
				0D7FEB7A1EFA1A1100AF3413 /* AppDelegate.m */,
				0D7FEB7B1EFA1A1100AF3413 /* Assets.xcassets */,
				0D7FEB7C1EFA1A1100AF3413 /* LaunchScreen.storyboard */,
				0D7FEB7E1EFA1A1100AF3413 /* Main.storyboard */,
				0D7FEB801EFA1A1100AF3413 /* Info.plist */,
				0D7FEB811EFA1A1100AF3413 /* main.m */,
				0D7FEB821EFA1A1100AF3413 /* ViewController.h */,
				0D7FEB831EFA1A1100AF3413 /* ViewController.m */,
			);
			path = PSNetWorkDemo;
			sourceTree = "<group>";
		};
		0D7FEB8B1EFA20A600AF3413 /* PSNetWork */ = {
			isa = PBXGroup;
			children = (
				0D7FEB8C1EFA20D800AF3413 /* PSNetWork.h */,
				0D7FEB8D1EFA20D800AF3413 /* PSNetWork.m */,
				0DB7C88D1F5A7EC600DC8CFC /* PSNetConfig.h */,
			);
			path = PSNetWork;
			sourceTree = "<group>";
		};
		6A2D69DFF34B4E7392C78C4B /* Pods */ = {
			isa = PBXGroup;
			children = (
				D0E984A366B63D2F4F4D8B44 /* Pods-PSNetWork.debug.xcconfig */,
				470EE164F534FE92C0EC15CF /* Pods-PSNetWork.release.xcconfig */,
			);
			name = Pods;
			sourceTree = "<group>";
		};
		FE542ACE83C8A19ECE9A2E16 /* Frameworks */ = {
			isa = PBXGroup;
			children = (
				D43CFEFCF07C56047BB184F6 /* libPods-PSNetWork.a */,
			);
			name = Frameworks;
			sourceTree = "<group>";
		};
/* End PBXGroup section */

/* Begin PBXNativeTarget section */
		0D7FEB5D1EFA19B300AF3413 /* PSNetWork */ = {
			isa = PBXNativeTarget;
			buildConfigurationList = 0D7FEB751EFA19B300AF3413 /* Build configuration list for PBXNativeTarget "PSNetWork" */;
			buildPhases = (
				0213B6C75CDFF54D6BB169CE /* [CP] Check Pods Manifest.lock */,
				0D7FEB5A1EFA19B300AF3413 /* Sources */,
				0D7FEB5B1EFA19B300AF3413 /* Frameworks */,
				0D7FEB5C1EFA19B300AF3413 /* Resources */,
				A08063000A013A877F7BB518 /* [CP] Embed Pods Frameworks */,
				320F54E3BCD9D8B45BC19AE3 /* [CP] Copy Pods Resources */,
			);
			buildRules = (
			);
			dependencies = (
			);
			name = PSNetWork;
			productName = PSNetWork;
			productReference = 0D7FEB5E1EFA19B300AF3413 /* PSNetWork.app */;
			productType = "com.apple.product-type.application";
		};
/* End PBXNativeTarget section */

/* Begin PBXProject section */
		0D7FEB561EFA19B300AF3413 /* Project object */ = {
			isa = PBXProject;
			attributes = {
				LastUpgradeCheck = 0830;
				ORGANIZATIONNAME = sheep;
				TargetAttributes = {
					0D7FEB5D1EFA19B300AF3413 = {
						CreatedOnToolsVersion = 8.3.2;
						ProvisioningStyle = Automatic;
					};
				};
			};
			buildConfigurationList = 0D7FEB591EFA19B300AF3413 /* Build configuration list for PBXProject "PSNetWork" */;
			compatibilityVersion = "Xcode 3.2";
			developmentRegion = English;
			hasScannedForEncodings = 0;
			knownRegions = (
				en,
				Base,
			);
			mainGroup = 0D7FEB551EFA19B300AF3413;
			productRefGroup = 0D7FEB5F1EFA19B300AF3413 /* Products */;
			projectDirPath = "";
			projectRoot = "";
			targets = (
				0D7FEB5D1EFA19B300AF3413 /* PSNetWork */,
			);
		};
/* End PBXProject section */

/* Begin PBXResourcesBuildPhase section */
		0D7FEB5C1EFA19B300AF3413 /* Resources */ = {
			isa = PBXResourcesBuildPhase;
			buildActionMask = 2147483647;
			files = (
				0D7FEB881EFA1A1100AF3413 /* Info.plist in Resources */,
				0D7FEB871EFA1A1100AF3413 /* Main.storyboard in Resources */,
				0D7FEB851EFA1A1100AF3413 /* Assets.xcassets in Resources */,
				0D7FEB861EFA1A1100AF3413 /* LaunchScreen.storyboard in Resources */,
			);
			runOnlyForDeploymentPostprocessing = 0;
		};
/* End PBXResourcesBuildPhase section */

/* Begin PBXShellScriptBuildPhase section */
		0213B6C75CDFF54D6BB169CE /* [CP] Check Pods Manifest.lock */ = {
			isa = PBXShellScriptBuildPhase;
			buildActionMask = 2147483647;
			files = (
			);
			inputPaths = (
			);
			name = "[CP] Check Pods Manifest.lock";
			outputPaths = (
			);
			runOnlyForDeploymentPostprocessing = 0;
			shellPath = /bin/sh;
			shellScript = "diff \"${PODS_PODFILE_DIR_PATH}/Podfile.lock\" \"${PODS_ROOT}/Manifest.lock\" > /dev/null\nif [ $? != 0 ] ; then\n    # print error to STDERR\n    echo \"error: The sandbox is not in sync with the Podfile.lock. Run 'pod install' or update your CocoaPods installation.\" >&2\n    exit 1\nfi\n";
			showEnvVarsInLog = 0;
		};
		320F54E3BCD9D8B45BC19AE3 /* [CP] Copy Pods Resources */ = {
			isa = PBXShellScriptBuildPhase;
			buildActionMask = 2147483647;
			files = (
			);
			inputPaths = (
			);
			name = "[CP] Copy Pods Resources";
			outputPaths = (
			);
			runOnlyForDeploymentPostprocessing = 0;
			shellPath = /bin/sh;
			shellScript = "\"${SRCROOT}/Pods/Target Support Files/Pods-PSNetWork/Pods-PSNetWork-resources.sh\"\n";
			showEnvVarsInLog = 0;
		};
		A08063000A013A877F7BB518 /* [CP] Embed Pods Frameworks */ = {
			isa = PBXShellScriptBuildPhase;
			buildActionMask = 2147483647;
			files = (
			);
			inputPaths = (
			);
			name = "[CP] Embed Pods Frameworks";
			outputPaths = (
			);
			runOnlyForDeploymentPostprocessing = 0;
			shellPath = /bin/sh;
			shellScript = "\"${SRCROOT}/Pods/Target Support Files/Pods-PSNetWork/Pods-PSNetWork-frameworks.sh\"\n";
			showEnvVarsInLog = 0;
		};
/* End PBXShellScriptBuildPhase section */

/* Begin PBXSourcesBuildPhase section */
		0D7FEB5A1EFA19B300AF3413 /* Sources */ = {
			isa = PBXSourcesBuildPhase;
			buildActionMask = 2147483647;
			files = (
				0D7FEB8A1EFA1A1100AF3413 /* ViewController.m in Sources */,
				0D7FEB891EFA1A1100AF3413 /* main.m in Sources */,
				0D7FEB841EFA1A1100AF3413 /* AppDelegate.m in Sources */,
			);
			runOnlyForDeploymentPostprocessing = 0;
		};
/* End PBXSourcesBuildPhase section */

/* Begin PBXVariantGroup section */
		0D7FEB7C1EFA1A1100AF3413 /* LaunchScreen.storyboard */ = {
			isa = PBXVariantGroup;
			children = (
				0D7FEB7D1EFA1A1100AF3413 /* Base */,
			);
			name = LaunchScreen.storyboard;
			sourceTree = "<group>";
		};
		0D7FEB7E1EFA1A1100AF3413 /* Main.storyboard */ = {
			isa = PBXVariantGroup;
			children = (
				0D7FEB7F1EFA1A1100AF3413 /* Base */,
			);
			name = Main.storyboard;
			sourceTree = "<group>";
		};
/* End PBXVariantGroup section */

/* Begin XCBuildConfiguration section */
		0D7FEB731EFA19B300AF3413 /* Debug */ = {
			isa = XCBuildConfiguration;
			buildSettings = {
				ALWAYS_SEARCH_USER_PATHS = NO;
				CLANG_ANALYZER_NONNULL = YES;
				CLANG_ANALYZER_NUMBER_OBJECT_CONVERSION = YES_AGGRESSIVE;
				CLANG_CXX_LANGUAGE_STANDARD = "gnu++0x";
				CLANG_CXX_LIBRARY = "libc++";
				CLANG_ENABLE_MODULES = YES;
				CLANG_ENABLE_OBJC_ARC = YES;
				CLANG_WARN_BOOL_CONVERSION = YES;
				CLANG_WARN_CONSTANT_CONVERSION = YES;
				CLANG_WARN_DIRECT_OBJC_ISA_USAGE = YES_ERROR;
				CLANG_WARN_DOCUMENTATION_COMMENTS = YES;
				CLANG_WARN_EMPTY_BODY = YES;
				CLANG_WARN_ENUM_CONVERSION = YES;
				CLANG_WARN_INFINITE_RECURSION = YES;
				CLANG_WARN_INT_CONVERSION = YES;
				CLANG_WARN_OBJC_ROOT_CLASS = YES_ERROR;
				CLANG_WARN_SUSPICIOUS_MOVE = YES;
				CLANG_WARN_UNREACHABLE_CODE = YES;
				CLANG_WARN__DUPLICATE_METHOD_MATCH = YES;
				"CODE_SIGN_IDENTITY[sdk=iphoneos*]" = "iPhone Developer";
				COPY_PHASE_STRIP = NO;
				DEBUG_INFORMATION_FORMAT = dwarf;
				ENABLE_STRICT_OBJC_MSGSEND = YES;
				ENABLE_TESTABILITY = YES;
				GCC_C_LANGUAGE_STANDARD = gnu99;
				GCC_DYNAMIC_NO_PIC = NO;
				GCC_NO_COMMON_BLOCKS = YES;
				GCC_OPTIMIZATION_LEVEL = 0;
				GCC_PREPROCESSOR_DEFINITIONS = (
					"DEBUG=1",
					"$(inherited)",
				);
				GCC_WARN_64_TO_32_BIT_CONVERSION = YES;
				GCC_WARN_ABOUT_RETURN_TYPE = YES_ERROR;
				GCC_WARN_UNDECLARED_SELECTOR = YES;
				GCC_WARN_UNINITIALIZED_AUTOS = YES_AGGRESSIVE;
				GCC_WARN_UNUSED_FUNCTION = YES;
				GCC_WARN_UNUSED_VARIABLE = YES;
				IPHONEOS_DEPLOYMENT_TARGET = 8.0;
				MTL_ENABLE_DEBUG_INFO = YES;
				ONLY_ACTIVE_ARCH = YES;
				SDKROOT = iphoneos;
			};
			name = Debug;
		};
		0D7FEB741EFA19B300AF3413 /* Release */ = {
			isa = XCBuildConfiguration;
			buildSettings = {
				ALWAYS_SEARCH_USER_PATHS = NO;
				CLANG_ANALYZER_NONNULL = YES;
				CLANG_ANALYZER_NUMBER_OBJECT_CONVERSION = YES_AGGRESSIVE;
				CLANG_CXX_LANGUAGE_STANDARD = "gnu++0x";
				CLANG_CXX_LIBRARY = "libc++";
				CLANG_ENABLE_MODULES = YES;
				CLANG_ENABLE_OBJC_ARC = YES;
				CLANG_WARN_BOOL_CONVERSION = YES;
				CLANG_WARN_CONSTANT_CONVERSION = YES;
				CLANG_WARN_DIRECT_OBJC_ISA_USAGE = YES_ERROR;
				CLANG_WARN_DOCUMENTATION_COMMENTS = YES;
				CLANG_WARN_EMPTY_BODY = YES;
				CLANG_WARN_ENUM_CONVERSION = YES;
				CLANG_WARN_INFINITE_RECURSION = YES;
				CLANG_WARN_INT_CONVERSION = YES;
				CLANG_WARN_OBJC_ROOT_CLASS = YES_ERROR;
				CLANG_WARN_SUSPICIOUS_MOVE = YES;
				CLANG_WARN_UNREACHABLE_CODE = YES;
				CLANG_WARN__DUPLICATE_METHOD_MATCH = YES;
				"CODE_SIGN_IDENTITY[sdk=iphoneos*]" = "iPhone Developer";
				COPY_PHASE_STRIP = NO;
				DEBUG_INFORMATION_FORMAT = "dwarf-with-dsym";
				ENABLE_NS_ASSERTIONS = NO;
				ENABLE_STRICT_OBJC_MSGSEND = YES;
				GCC_C_LANGUAGE_STANDARD = gnu99;
				GCC_NO_COMMON_BLOCKS = YES;
				GCC_WARN_64_TO_32_BIT_CONVERSION = YES;
				GCC_WARN_ABOUT_RETURN_TYPE = YES_ERROR;
				GCC_WARN_UNDECLARED_SELECTOR = YES;
				GCC_WARN_UNINITIALIZED_AUTOS = YES_AGGRESSIVE;
				GCC_WARN_UNUSED_FUNCTION = YES;
				GCC_WARN_UNUSED_VARIABLE = YES;
				IPHONEOS_DEPLOYMENT_TARGET = 8.0;
				MTL_ENABLE_DEBUG_INFO = NO;
				SDKROOT = iphoneos;
				VALIDATE_PRODUCT = YES;
			};
			name = Release;
		};
		0D7FEB761EFA19B300AF3413 /* Debug */ = {
			isa = XCBuildConfiguration;
			baseConfigurationReference = D0E984A366B63D2F4F4D8B44 /* Pods-PSNetWork.debug.xcconfig */;
			buildSettings = {
				ASSETCATALOG_COMPILER_APPICON_NAME = AppIcon;
				DEVELOPMENT_TEAM = "";
				INFOPLIST_FILE = "$(SRCROOT)/PSNetWorkDemo/Info.plist";
				LD_RUNPATH_SEARCH_PATHS = "$(inherited) @executable_path/Frameworks";
				PRODUCT_BUNDLE_IDENTIFIER = sheep.PSNetWork;
				PRODUCT_NAME = "$(TARGET_NAME)";
			};
			name = Debug;
		};
		0D7FEB771EFA19B300AF3413 /* Release */ = {
			isa = XCBuildConfiguration;
			baseConfigurationReference = 470EE164F534FE92C0EC15CF /* Pods-PSNetWork.release.xcconfig */;
			buildSettings = {
				ASSETCATALOG_COMPILER_APPICON_NAME = AppIcon;
				DEVELOPMENT_TEAM = "";
				INFOPLIST_FILE = "$(SRCROOT)/PSNetWorkDemo/Info.plist";
				LD_RUNPATH_SEARCH_PATHS = "$(inherited) @executable_path/Frameworks";
				PRODUCT_BUNDLE_IDENTIFIER = sheep.PSNetWork;
				PRODUCT_NAME = "$(TARGET_NAME)";
			};
			name = Release;
		};
/* End XCBuildConfiguration section */

/* Begin XCConfigurationList section */
		0D7FEB591EFA19B300AF3413 /* Build configuration list for PBXProject "PSNetWork" */ = {
			isa = XCConfigurationList;
			buildConfigurations = (
				0D7FEB731EFA19B300AF3413 /* Debug */,
				0D7FEB741EFA19B300AF3413 /* Release */,
			);
			defaultConfigurationIsVisible = 0;
			defaultConfigurationName = Release;
		};
		0D7FEB751EFA19B300AF3413 /* Build configuration list for PBXNativeTarget "PSNetWork" */ = {
			isa = XCConfigurationList;
			buildConfigurations = (
				0D7FEB761EFA19B300AF3413 /* Debug */,
				0D7FEB771EFA19B300AF3413 /* Release */,
			);
			defaultConfigurationIsVisible = 0;
			defaultConfigurationName = Release;
		};
/* End XCConfigurationList section */
	};
	rootObject = 0D7FEB561EFA19B300AF3413 /* Project object */;
}
